{
  "version": 1,
  "dependencies": {
    "net6.0": {
      "Downloader": {
        "type": "Direct",
        "requested": "[3.2.1, )",
        "resolved": "3.2.1",
        "contentHash": "+7qeJ5LEWr5jY4xguG5/dwd3Eb6upvID6EW2aHJe0o/1lgr63GysdeZign/pfhHNZoO6rsgqe2iLruiKP/3yGw==",
        "dependencies": {
          "Microsoft.Extensions.Logging.Abstractions": "8.0.1"
        }
      },
      "Nerdbank.GitVersioning": {
        "type": "Direct",
        "requested": "[3.6.143, )",
        "resolved": "3.6.143",
        "contentHash": "N24MtdLq4PmdJ2woTQd9515q0I1jeO/DlimYCB/GoRd510Fc9dk9H6YaN8MPPrVF8RHrIalCUfWbWvcoarYeoQ=="
      },
      "Pastel": {
        "type": "Direct",
        "requested": "[5.1.0, )",
        "resolved": "5.1.0",
        "contentHash": "jQ0fTkHZvgQsmbr5qU0IdCP1PWuUfmEmekIsTwysWK/iIwmT9Mbm0x5GpjYSTEwHTNVEpjYhBhyKVdzESgRCpg=="
      },
      "SharpCompress": {
        "type": "Direct",
        "requested": "[0.38.0, )",
        "resolved": "0.38.0",
        "contentHash": "8i6KqjAFI3mvya8W8rnQrf5h4vz6ilw4zqk2AzInVqqqZ25TD6fmVeYBnlisjTWwP26eltZc0buSmJ8a3YIGxg==",
        "dependencies": {
          "ZstdSharp.Port": "0.8.1"
        }
      },
      "Spectre.Console": {
        "type": "Direct",
        "requested": "[0.49.1, )",
        "resolved": "0.49.1",
        "contentHash": "USV+pdu49OJ3nCjxNuw1K9Zw/c1HCBbwbjXZp0EOn6wM99tFdAtN34KEBZUMyRuJuXlUMDqhd8Yq9obW2MslYA=="
      },
      "System.CommandLine": {
        "type": "Direct",
        "requested": "[2.0.0-beta4.22272.1, )",
        "resolved": "2.0.0-beta4.22272.1",
        "contentHash": "1uqED/q2H0kKoLJ4+hI2iPSBSEdTuhfCYADeJrAqERmiGQ2NNacYKRNEQ+gFbU4glgVyK8rxI+ZOe1onEtr/Pg=="
      },
      "Microsoft.Extensions.DependencyInjection.Abstractions": {
        "type": "Transitive",
        "resolved": "8.0.1",
        "contentHash": "fGLiCRLMYd00JYpClraLjJTNKLmMJPnqxMaiRzEBIIvevlzxz33mXy39Lkd48hu1G+N21S7QpaO5ZzKsI6FRuA=="
      },
      "Microsoft.Extensions.Logging.Abstractions": {
        "type": "Transitive",
        "resolved": "8.0.1",
        "contentHash": "RIFgaqoaINxkM2KTOw72dmilDmTrYA0ns2KW4lDz4gZ2+o6IQ894CzmdL3StM2oh7QQq44nCWiqKqc4qUI9Jmg==",
        "dependencies": {
          "Microsoft.Extensions.DependencyInjection.Abstractions": "8.0.1"
        }
      },
      "SAPTeam.CommonTK": {
        "type": "Transitive",
        "resolved": "4.0.3",
        "contentHash": "ll7rgGn9/gHJB0V+mpaUVS7h6ZF4V6H1WXl2lvyW8LY1kp63D2w9fzXXf4je+7Bb4Z4LOTm53w9g7jC0CzLhBA=="
      },
      "ZstdSharp.Port": {
        "type": "Transitive",
        "resolved": "0.8.1",
        "contentHash": "19tNz33kn2EkyViFXuxfVn338UJaRmkwBphVqP2dVJIYQUQgFrgG5h061mxkRRg1Ax6r+6WOj1FxaFZ5qaWqqg=="
      },
      "SAPTeam.Kryptor": {
        "type": "Project"
      },
      "SAPTeam.Kryptor.Client": {
        "type": "Project",
        "dependencies": {
          "SAPTeam.CommonTK": "[4.0.3, )",
          "SAPTeam.Kryptor": "[1.0.0, )"
        }
      }
    },
    "net8.0": {
      "Downloader": {
        "type": "Direct",
        "requested": "[3.2.1, )",
        "resolved": "3.2.1",
        "contentHash": "+7qeJ5LEWr5jY4xguG5/dwd3Eb6upvID6EW2aHJe0o/1lgr63GysdeZign/pfhHNZoO6rsgqe2iLruiKP/3yGw==",
        "dependencies": {
          "Microsoft.Extensions.Logging.Abstractions": "8.0.1"
        }
      },
      "Nerdbank.GitVersioning": {
        "type": "Direct",
        "requested": "[3.6.143, )",
        "resolved": "3.6.143",
        "contentHash": "N24MtdLq4PmdJ2woTQd9515q0I1jeO/DlimYCB/GoRd510Fc9dk9H6YaN8MPPrVF8RHrIalCUfWbWvcoarYeoQ=="
      },
      "Pastel": {
        "type": "Direct",
        "requested": "[5.1.0, )",
        "resolved": "5.1.0",
        "contentHash": "jQ0fTkHZvgQsmbr5qU0IdCP1PWuUfmEmekIsTwysWK/iIwmT9Mbm0x5GpjYSTEwHTNVEpjYhBhyKVdzESgRCpg=="
      },
      "SharpCompress": {
        "type": "Direct",
        "requested": "[0.38.0, )",
        "resolved": "0.38.0",
        "contentHash": "8i6KqjAFI3mvya8W8rnQrf5h4vz6ilw4zqk2AzInVqqqZ25TD6fmVeYBnlisjTWwP26eltZc0buSmJ8a3YIGxg==",
        "dependencies": {
          "ZstdSharp.Port": "0.8.1"
        }
      },
      "Spectre.Console": {
        "type": "Direct",
        "requested": "[0.49.1, )",
        "resolved": "0.49.1",
        "contentHash": "USV+pdu49OJ3nCjxNuw1K9Zw/c1HCBbwbjXZp0EOn6wM99tFdAtN34KEBZUMyRuJuXlUMDqhd8Yq9obW2MslYA=="
      },
      "System.CommandLine": {
        "type": "Direct",
        "requested": "[2.0.0-beta4.22272.1, )",
        "resolved": "2.0.0-beta4.22272.1",
        "contentHash": "1uqED/q2H0kKoLJ4+hI2iPSBSEdTuhfCYADeJrAqERmiGQ2NNacYKRNEQ+gFbU4glgVyK8rxI+ZOe1onEtr/Pg=="
      },
      "Microsoft.Extensions.DependencyInjection.Abstractions": {
        "type": "Transitive",
        "resolved": "8.0.1",
        "contentHash": "fGLiCRLMYd00JYpClraLjJTNKLmMJPnqxMaiRzEBIIvevlzxz33mXy39Lkd48hu1G+N21S7QpaO5ZzKsI6FRuA=="
      },
      "Microsoft.Extensions.Logging.Abstractions": {
        "type": "Transitive",
        "resolved": "8.0.1",
        "contentHash": "RIFgaqoaINxkM2KTOw72dmilDmTrYA0ns2KW4lDz4gZ2+o6IQ894CzmdL3StM2oh7QQq44nCWiqKqc4qUI9Jmg==",
        "dependencies": {
          "Microsoft.Extensions.DependencyInjection.Abstractions": "8.0.1"
        }
      },
      "SAPTeam.CommonTK": {
        "type": "Transitive",
        "resolved": "4.0.3",
        "contentHash": "ll7rgGn9/gHJB0V+mpaUVS7h6ZF4V6H1WXl2lvyW8LY1kp63D2w9fzXXf4je+7Bb4Z4LOTm53w9g7jC0CzLhBA=="
      },
      "ZstdSharp.Port": {
        "type": "Transitive",
        "resolved": "0.8.1",
        "contentHash": "19tNz33kn2EkyViFXuxfVn338UJaRmkwBphVqP2dVJIYQUQgFrgG5h061mxkRRg1Ax6r+6WOj1FxaFZ5qaWqqg=="
      },
      "SAPTeam.Kryptor": {
        "type": "Project"
      },
      "SAPTeam.Kryptor.Client": {
        "type": "Project",
        "dependencies": {
          "SAPTeam.CommonTK": "[4.0.3, )",
          "SAPTeam.Kryptor": "[1.0.0, )"
        }
      }
    }
  }
}