{
  "version": 1,
  "dependencies": {
    "net8.0-android34.0": {
      "DotNet.ReproducibleBuilds": {
        "type": "Direct",
        "requested": "[1.2.4, )",
        "resolved": "1.2.4",
        "contentHash": "Ch9U74tQA2fQH+U0hcYH7WyIFUfAq7jrjgSHVu2FAcYiMBtbrCMyq2nGA/ZZnB2jSaUeOOYiCjxeaDVB7Ssbdw=="
      },
      "Downloader": {
        "type": "Direct",
        "requested": "[3.1.2, )",
        "resolved": "3.1.2",
        "contentHash": "gcWDRWn5QEE/kVZulOOy57UpJOP7tKVHGoU/jc/Kwp36xdeKCs1RXjYr1S6D0o4FhAdsWaxtNdpjt5Pn6XTGuA=="
      },
      "Microsoft.NET.ILLink.Tasks": {
        "type": "Direct",
        "requested": "[8.0.8, )",
        "resolved": "8.0.8",
        "contentHash": "P8wR6MUWwYXIjPJuBaZgo5zlI/GWI6QEAo6NyVIbPefa9CCkohYu7dP2rD/mrqnjEqfRHyl+h9VZrDoGpELqYg=="
      },
      "Nerdbank.GitVersioning": {
        "type": "Direct",
        "requested": "[3.6.143, )",
        "resolved": "3.6.143",
        "contentHash": "N24MtdLq4PmdJ2woTQd9515q0I1jeO/DlimYCB/GoRd510Fc9dk9H6YaN8MPPrVF8RHrIalCUfWbWvcoarYeoQ=="
      },
      "Pastel": {
        "type": "Direct",
        "requested": "[5.1.0, )",
        "resolved": "5.1.0",
        "contentHash": "jQ0fTkHZvgQsmbr5qU0IdCP1PWuUfmEmekIsTwysWK/iIwmT9Mbm0x5GpjYSTEwHTNVEpjYhBhyKVdzESgRCpg=="
      },
      "SharpCompress": {
        "type": "Direct",
        "requested": "[0.37.2, )",
        "resolved": "0.37.2",
        "contentHash": "cFBpTct57aubLQXkdqMmgP8GGTFRh7fnRWP53lgE/EYUpDZJ27SSvTkdjB4OYQRZ20SJFpzczUquKLbt/9xkhw==",
        "dependencies": {
          "ZstdSharp.Port": "0.8.0"
        }
      },
      "SAPTeam.CommonTK": {
        "type": "Transitive",
        "resolved": "4.0.3",
        "contentHash": "ll7rgGn9/gHJB0V+mpaUVS7h6ZF4V6H1WXl2lvyW8LY1kp63D2w9fzXXf4je+7Bb4Z4LOTm53w9g7jC0CzLhBA=="
      },
      "ZstdSharp.Port": {
        "type": "Transitive",
        "resolved": "0.8.0",
        "contentHash": "Z62eNBIu8E8YtbqlMy57tK3dV1+m2b9NhPeaYovB5exmLKvrGCqOhJTzrEUH5VyUWU6vwX3c1XHJGhW5HVs8dA=="
      },
      "SAPTeam.Kryptor": {
        "type": "Project"
      },
      "SAPTeam.Kryptor.Client": {
        "type": "Project",
        "dependencies": {
          "SAPTeam.CommonTK": "[4.0.3, )",
          "SAPTeam.Kryptor": "[1.0.0, )"
        }
      }
    },
    "net8.0-android34.0/android-arm64": {},
    "net8.0-android34.0/android-x64": {}
  }
}