{
  "version": 1,
  "dependencies": {
    "net8.0": {
      "DotNet.ReproducibleBuilds": {
        "type": "Direct",
        "requested": "[1.2.4, )",
        "resolved": "1.2.4",
        "contentHash": "Ch9U74tQA2fQH+U0hcYH7WyIFUfAq7jrjgSHVu2FAcYiMBtbrCMyq2nGA/ZZnB2jSaUeOOYiCjxeaDVB7Ssbdw=="
      },
      "Microsoft.DotNet.ILCompiler": {
        "type": "Direct",
        "requested": "[8.0.8, )",
        "resolved": "8.0.8",
        "contentHash": "OWFDT/S4Zl5QVakCjVfRaZTLrmWDhA20ud/BKkru7vWnIrejMcUk4Xz2MwavgyzBypryoHYta787k4avhxsU9A=="
      },
      "Microsoft.NET.ILLink.Tasks": {
        "type": "Direct",
        "requested": "[8.0.8, )",
        "resolved": "8.0.8",
        "contentHash": "P8wR6MUWwYXIjPJuBaZgo5zlI/GWI6QEAo6NyVIbPefa9CCkohYu7dP2rD/mrqnjEqfRHyl+h9VZrDoGpELqYg=="
      },
      "Nerdbank.GitVersioning": {
        "type": "Direct",
        "requested": "[3.6.143, )",
        "resolved": "3.6.143",
        "contentHash": "N24MtdLq4PmdJ2woTQd9515q0I1jeO/DlimYCB/GoRd510Fc9dk9H6YaN8MPPrVF8RHrIalCUfWbWvcoarYeoQ=="
      },
      "Pastel": {
        "type": "Direct",
        "requested": "[5.1.0, )",
        "resolved": "5.1.0",
        "contentHash": "jQ0fTkHZvgQsmbr5qU0IdCP1PWuUfmEmekIsTwysWK/iIwmT9Mbm0x5GpjYSTEwHTNVEpjYhBhyKVdzESgRCpg=="
      },
      "System.CommandLine": {
        "type": "Direct",
        "requested": "[2.0.0-beta4.22272.1, )",
        "resolved": "2.0.0-beta4.22272.1",
        "contentHash": "1uqED/q2H0kKoLJ4+hI2iPSBSEdTuhfCYADeJrAqERmiGQ2NNacYKRNEQ+gFbU4glgVyK8rxI+ZOe1onEtr/Pg=="
      },
      "SAPTeam.CommonTK": {
        "type": "Transitive",
        "resolved": "4.0.2",
        "contentHash": "o0hbsJsypwr9PPw94W5kJkcq4FzGmLVjHQ8MSgHl6Evp04lnAgQ0o+A9KODS8l8QUIZU+YSUXrTOnmI5wtNZyQ=="
      },
      "SAPTeam.Kryptor": {
        "type": "Project"
      },
      "SAPTeam.Kryptor.Client": {
        "type": "Project",
        "dependencies": {
          "SAPTeam.CommonTK": "[4.0.2, )",
          "SAPTeam.Kryptor": "[1.0.0, )"
        }
      }
    }
  }
}