{
  "version": 1,
  "dependencies": {
    "net8.0": {
      "ANSI.Console": {
        "type": "Direct",
        "requested": "[2.5.0, )",
        "resolved": "2.5.0",
        "contentHash": "xVszQd1HA/EusmX/xGeomPBy6YIY5soaCKPuoqbOpZHP5Sfvg2xYdliBIQtcKVDUgNj+5G++LkFPP2Mtm0DITA=="
      },
      "DotNet.ReproducibleBuilds": {
        "type": "Direct",
        "requested": "[1.1.1, )",
        "resolved": "1.1.1",
        "contentHash": "+H2t/t34h6mhEoUvHi8yGXyuZ2GjSovcGYehJrS2MDm2XgmPfZL2Sdxg+uL2lKgZ4M6tTwKHIlxOob2bgh0NRQ==",
        "dependencies": {
          "Microsoft.SourceLink.AzureRepos.Git": "1.1.1",
          "Microsoft.SourceLink.Bitbucket.Git": "1.1.1",
          "Microsoft.SourceLink.GitHub": "1.1.1",
          "Microsoft.SourceLink.GitLab": "1.1.1"
        }
      },
      "Downloader": {
        "type": "Direct",
        "requested": "[3.1.2, )",
        "resolved": "3.1.2",
        "contentHash": "gcWDRWn5QEE/kVZulOOy57UpJOP7tKVHGoU/jc/Kwp36xdeKCs1RXjYr1S6D0o4FhAdsWaxtNdpjt5Pn6XTGuA=="
      },
      "Microsoft.DotNet.ILCompiler": {
        "type": "Direct",
        "requested": "[8.0.8, )",
        "resolved": "8.0.8",
        "contentHash": "OWFDT/S4Zl5QVakCjVfRaZTLrmWDhA20ud/BKkru7vWnIrejMcUk4Xz2MwavgyzBypryoHYta787k4avhxsU9A=="
      },
      "Microsoft.NET.ILLink.Tasks": {
        "type": "Direct",
        "requested": "[8.0.8, )",
        "resolved": "8.0.8",
        "contentHash": "P8wR6MUWwYXIjPJuBaZgo5zlI/GWI6QEAo6NyVIbPefa9CCkohYu7dP2rD/mrqnjEqfRHyl+h9VZrDoGpELqYg=="
      },
      "morelinq": {
        "type": "Direct",
        "requested": "[4.2.0, )",
        "resolved": "4.2.0",
        "contentHash": "2v+p2vUO+4+N7jwFV9XODQLOwQeXay1Gg4fvLebpQ7AL0iZdrJ/lzFTg5HfAn/DJxNXF54xZJLinMpFddcvUxg=="
      },
      "Nerdbank.GitVersioning": {
        "type": "Direct",
        "requested": "[3.6.133, )",
        "resolved": "3.6.133",
        "contentHash": "VZWMd5YAeDxpjWjAP/X6bAxnRMiEf6tES/ITN0X5CHJgkWLLeHGmEALivmTAfYM6P+P/3Szy6VCITUAkqjcHVw=="
      },
      "SharpCompress": {
        "type": "Direct",
        "requested": "[0.37.2, )",
        "resolved": "0.37.2",
        "contentHash": "cFBpTct57aubLQXkdqMmgP8GGTFRh7fnRWP53lgE/EYUpDZJ27SSvTkdjB4OYQRZ20SJFpzczUquKLbt/9xkhw==",
        "dependencies": {
          "ZstdSharp.Port": "0.8.0"
        }
      },
      "System.CommandLine": {
        "type": "Direct",
        "requested": "[2.0.0-beta4.22272.1, )",
        "resolved": "2.0.0-beta4.22272.1",
        "contentHash": "1uqED/q2H0kKoLJ4+hI2iPSBSEdTuhfCYADeJrAqERmiGQ2NNacYKRNEQ+gFbU4glgVyK8rxI+ZOe1onEtr/Pg=="
      },
      "Microsoft.Build.Tasks.Git": {
        "type": "Transitive",
        "resolved": "1.1.1",
        "contentHash": "AT3HlgTjsqHnWpBHSNeR0KxbLZD7bztlZVj7I8vgeYG9SYqbeFGh0TM/KVtC6fg53nrWHl3VfZFvb5BiQFcY6Q=="
      },
      "Microsoft.SourceLink.AzureRepos.Git": {
        "type": "Transitive",
        "resolved": "1.1.1",
        "contentHash": "qB5urvw9LO2bG3eVAkuL+2ughxz2rR7aYgm2iyrB8Rlk9cp2ndvGRCvehk3rNIhRuNtQaeKwctOl1KvWiklv5w==",
        "dependencies": {
          "Microsoft.Build.Tasks.Git": "1.1.1",
          "Microsoft.SourceLink.Common": "1.1.1"
        }
      },
      "Microsoft.SourceLink.Bitbucket.Git": {
        "type": "Transitive",
        "resolved": "1.1.1",
        "contentHash": "cDzxXwlyWpLWaH0em4Idj0H3AmVo3L/6xRXKssYemx+7W52iNskj/SQ4FOmfCb8YQt39otTDNMveCZzYtMoucQ==",
        "dependencies": {
          "Microsoft.Build.Tasks.Git": "1.1.1",
          "Microsoft.SourceLink.Common": "1.1.1"
        }
      },
      "Microsoft.SourceLink.Common": {
        "type": "Transitive",
        "resolved": "1.1.1",
        "contentHash": "WMcGpWKrmJmzrNeuaEb23bEMnbtR/vLmvZtkAP5qWu7vQsY59GqfRJd65sFpBszbd2k/bQ8cs8eWawQKAabkVg=="
      },
      "Microsoft.SourceLink.GitHub": {
        "type": "Transitive",
        "resolved": "1.1.1",
        "contentHash": "IaJGnOv/M7UQjRJks7B6p7pbPnOwisYGOIzqCz5ilGFTApZ3ktOR+6zJ12ZRPInulBmdAf1SrGdDG2MU8g6XTw==",
        "dependencies": {
          "Microsoft.Build.Tasks.Git": "1.1.1",
          "Microsoft.SourceLink.Common": "1.1.1"
        }
      },
      "Microsoft.SourceLink.GitLab": {
        "type": "Transitive",
        "resolved": "1.1.1",
        "contentHash": "tvsg47DDLqqedlPeYVE2lmiTpND8F0hkrealQ5hYltSmvruy/Gr5nHAKSsjyw5L3NeM/HLMI5ORv7on/M4qyZw==",
        "dependencies": {
          "Microsoft.Build.Tasks.Git": "1.1.1",
          "Microsoft.SourceLink.Common": "1.1.1"
        }
      },
      "Newtonsoft.Json": {
        "type": "Transitive",
        "resolved": "13.0.3",
        "contentHash": "HrC5BXdl00IP9zeV+0Z848QWPAoCr9P3bDEZguI+gkLcBKAOxix/tLEAAHC+UvDNPv4a2d18lOReHMOagPa+zQ=="
      },
      "SAPTeam.CommonTK": {
        "type": "Transitive",
        "resolved": "3.0.2",
        "contentHash": "Q2FW/mdzsd9cjRMo5usv1k5RzHV1OUbSokp2OhllsNdxDgJrRC/qqSioxK833pXwbrN2ocTAp+XyGKo87xUOLA==",
        "dependencies": {
          "Newtonsoft.Json": "13.0.3"
        }
      },
      "ZstdSharp.Port": {
        "type": "Transitive",
        "resolved": "0.8.0",
        "contentHash": "Z62eNBIu8E8YtbqlMy57tK3dV1+m2b9NhPeaYovB5exmLKvrGCqOhJTzrEUH5VyUWU6vwX3c1XHJGhW5HVs8dA=="
      },
      "SAPTeam.Kryptor": {
        "type": "Project"
      },
      "SAPTeam.Kryptor.Client": {
        "type": "Project",
        "dependencies": {
          "SAPTeam.CommonTK": "[3.0.2, )",
          "SAPTeam.Kryptor": "[1.0.0, )"
        }
      }
    },
    "net8.0/win-x64": {
      "Microsoft.DotNet.ILCompiler": {
        "type": "Direct",
        "requested": "[8.0.8, )",
        "resolved": "8.0.8",
        "contentHash": "OWFDT/S4Zl5QVakCjVfRaZTLrmWDhA20ud/BKkru7vWnIrejMcUk4Xz2MwavgyzBypryoHYta787k4avhxsU9A==",
        "dependencies": {
          "runtime.win-x64.Microsoft.DotNet.ILCompiler": "8.0.8"
        }
      },
      "runtime.win-x64.Microsoft.DotNet.ILCompiler": {
        "type": "Transitive",
        "resolved": "8.0.8",
        "contentHash": "nbk0rvMYX+0BH71ucX45JIEdskCCtF1d/SBcmg/Pxpi/DFKCdX5voBlfwYtc0RRVvyr+MWQ/B2dB3s1Cr/l5/w=="
      }
    }
  }
}