{
  "version": 1,
  "dependencies": {
    "net8.0": {
      "Microsoft.DotNet.ILCompiler": {
        "type": "Direct",
        "requested": "[8.0.8, )",
        "resolved": "8.0.8",
        "contentHash": "OWFDT/S4Zl5QVakCjVfRaZTLrmWDhA20ud/BKkru7vWnIrejMcUk4Xz2MwavgyzBypryoHYta787k4avhxsU9A=="
      },
      "Microsoft.NET.ILLink.Tasks": {
        "type": "Direct",
        "requested": "[8.0.8, )",
        "resolved": "8.0.8",
        "contentHash": "P8wR6MUWwYXIjPJuBaZgo5zlI/GWI6QEAo6NyVIbPefa9CCkohYu7dP2rD/mrqnjEqfRHyl+h9VZrDoGpELqYg=="
      },
      "SAPTeam.Kryptor": {
        "type": "Project"
      }
    },
    "net8.0/win-x64": {
      "Microsoft.DotNet.ILCompiler": {
        "type": "Direct",
        "requested": "[8.0.8, )",
        "resolved": "8.0.8",
        "contentHash": "OWFDT/S4Zl5QVakCjVfRaZTLrmWDhA20ud/BKkru7vWnIrejMcUk4Xz2MwavgyzBypryoHYta787k4avhxsU9A==",
        "dependencies": {
          "runtime.win-x64.Microsoft.DotNet.ILCompiler": "8.0.8"
        }
      },
      "runtime.win-x64.Microsoft.DotNet.ILCompiler": {
        "type": "Transitive",
        "resolved": "8.0.8",
        "contentHash": "nbk0rvMYX+0BH71ucX45JIEdskCCtF1d/SBcmg/Pxpi/DFKCdX5voBlfwYtc0RRVvyr+MWQ/B2dB3s1Cr/l5/w=="
      }
    }
  }
}